
Microsoft Visual Studio Solution File, Format Version 12.00
# Visual Studio Version 17
VisualStudioVersion = 17.0.31919.166
MinimumVisualStudioVersion = 10.0.40219.1
Project("{FAE04EC0-301F-11D3-BF4B-00C04F79EFBC}") = "MultipleApi", "MultipleApi.csproj", "{E3FDE60D-3DE7-44D0-85E3-8CD959D7CCD6}"
EndProject
Project("{FAE04EC0-301F-11D3-BF4B-00C04F79EFBC}") = "API1", "..\API1\API1.csproj", "{0801D49E-4F32-482B-8309-B2399E71B82D}"
EndProject
Project("{FAE04EC0-301F-11D3-BF4B-00C04F79EFBC}") = "API2", "..\API2\API2.csproj", "{74A8463B-E759-48FF-B9A8-0CCB015D207C}"
EndProject
Project("{FAE04EC0-301F-11D3-BF4B-00C04F79EFBC}") = "API3", "..\API3\API3.csproj", "{4E0E35D7-0114-4E41-834B-23AF6C987A4E}"
EndProject
Project("{FAE04EC0-301F-11D3-BF4B-00C04F79EFBC}") = "Testing", "..\Testing\Testing.csproj", "{84372CA0-26F1-40BF-9DCD-7473FC1EC4EB}"
EndProject
Global
	GlobalSection(SolutionConfigurationPlatforms) = preSolution
		Debug|Any CPU = Debug|Any CPU
		Release|Any CPU = Release|Any CPU
	EndGlobalSection
	GlobalSection(ProjectConfigurationPlatforms) = postSolution
		{E3FDE60D-3DE7-44D0-85E3-8CD959D7CCD6}.Debug|Any CPU.ActiveCfg = Debug|Any CPU
		{E3FDE60D-3DE7-44D0-85E3-8CD959D7CCD6}.Debug|Any CPU.Build.0 = Debug|Any CPU
		{E3FDE60D-3DE7-44D0-85E3-8CD959D7CCD6}.Release|Any CPU.ActiveCfg = Release|Any CPU
		{E3FDE60D-3DE7-44D0-85E3-8CD959D7CCD6}.Release|Any CPU.Build.0 = Release|Any CPU
		{0801D49E-4F32-482B-8309-B2399E71B82D}.Debug|Any CPU.ActiveCfg = Debug|Any CPU
		{0801D49E-4F32-482B-8309-B2399E71B82D}.Debug|Any CPU.Build.0 = Debug|Any CPU
		{0801D49E-4F32-482B-8309-B2399E71B82D}.Release|Any CPU.ActiveCfg = Release|Any CPU
		{0801D49E-4F32-482B-8309-B2399E71B82D}.Release|Any CPU.Build.0 = Release|Any CPU
		{74A8463B-E759-48FF-B9A8-0CCB015D207C}.Debug|Any CPU.ActiveCfg = Debug|Any CPU
		{74A8463B-E759-48FF-B9A8-0CCB015D207C}.Debug|Any CPU.Build.0 = Debug|Any CPU
		{74A8463B-E759-48FF-B9A8-0CCB015D207C}.Release|Any CPU.ActiveCfg = Release|Any CPU
		{74A8463B-E759-48FF-B9A8-0CCB015D207C}.Release|Any CPU.Build.0 = Release|Any CPU
		{4E0E35D7-0114-4E41-834B-23AF6C987A4E}.Debug|Any CPU.ActiveCfg = Debug|Any CPU
		{4E0E35D7-0114-4E41-834B-23AF6C987A4E}.Debug|Any CPU.Build.0 = Debug|Any CPU
		{4E0E35D7-0114-4E41-834B-23AF6C987A4E}.Release|Any CPU.ActiveCfg = Release|Any CPU
		{4E0E35D7-0114-4E41-834B-23AF6C987A4E}.Release|Any CPU.Build.0 = Release|Any CPU
		{84372CA0-26F1-40BF-9DCD-7473FC1EC4EB}.Debug|Any CPU.ActiveCfg = Debug|Any CPU
		{84372CA0-26F1-40BF-9DCD-7473FC1EC4EB}.Debug|Any CPU.Build.0 = Debug|Any CPU
		{84372CA0-26F1-40BF-9DCD-7473FC1EC4EB}.Release|Any CPU.ActiveCfg = Release|Any CPU
		{84372CA0-26F1-40BF-9DCD-7473FC1EC4EB}.Release|Any CPU.Build.0 = Release|Any CPU
	EndGlobalSection
	GlobalSection(SolutionProperties) = preSolution
		HideSolutionNode = FALSE
	EndGlobalSection
	GlobalSection(ExtensibilityGlobals) = postSolution
		SolutionGuid = {7A84BA34-0E0E-43BC-96F6-FC67AAA9E322}
	EndGlobalSection
EndGlobal
